
Microsoft Visual Studio Solution File, Format Version 12.00
# Visual Studio Version 17
VisualStudioVersion = 17.14.36429.23
MinimumVisualStudioVersion = 10.0.40219.1
Project("{FAE04EC0-301F-11D3-BF4B-00C04F79EFBC}") = "AISchool", "task\AISchool.csproj", "{67C317CE-2638-407C-B837-0EF1E4EBCD8C}"
EndProject
Global
	GlobalSection(SolutionConfigurationPlatforms) = preSolution
		Debug|Any CPU = Debug|Any CPU
		Release|Any CPU = Release|Any CPU
	EndGlobalSection
	GlobalSection(ProjectConfigurationPlatforms) = postSolution
		{67C317CE-2638-407C-B837-0EF1E4EBCD8C}.Debug|Any CPU.ActiveCfg = Debug|Any CPU
		{67C317CE-2638-407C-B837-0EF1E4EBCD8C}.Debug|Any CPU.Build.0 = Debug|Any CPU
		{67C317CE-2638-407C-B837-0EF1E4EBCD8C}.Release|Any CPU.ActiveCfg = Release|Any CPU
		{67C317CE-2638-407C-B837-0EF1E4EBCD8C}.Release|Any CPU.Build.0 = Release|Any CPU
	EndGlobalSection
	GlobalSection(SolutionProperties) = preSolution
		HideSolutionNode = FALSE
	EndGlobalSection
	GlobalSection(ExtensibilityGlobals) = postSolution
		SolutionGuid = {E263C66A-8366-469B-979C-113AC6C76CA1}
	EndGlobalSection
EndGlobal
